
Microsoft Visual Studio Solution File, Format Version 12.00
# Visual Studio 2013
VisualStudioVersion = 12.0.31101.0
MinimumVisualStudioVersion = 10.0.40219.1
Project("{FAE04EC0-301F-11D3-BF4B-00C04F79EFBC}") = "Blueprint.Aspnet.Host", "Blueprint.Aspnet.Host\Blueprint.Aspnet.Host.csproj", "{2BC0B980-166F-429D-B664-56496B4BE49D}"
EndProject
Project("{FAE04EC0-301F-11D3-BF4B-00C04F79EFBC}") = "Blueprint.Aspnet.Module", "Blueprint.Aspnet.Module\Blueprint.Aspnet.Module.csproj", "{8A0EF971-6F66-4500-849D-8BCCCAF2346C}"
EndProject
Global
	GlobalSection(SolutionConfigurationPlatforms) = preSolution
		Debug|Any CPU = Debug|Any CPU
		Release|Any CPU = Release|Any CPU
	EndGlobalSection
	GlobalSection(ProjectConfigurationPlatforms) = postSolution
		{2BC0B980-166F-429D-B664-56496B4BE49D}.Debug|Any CPU.ActiveCfg = Debug|Any CPU
		{2BC0B980-166F-429D-B664-56496B4BE49D}.Debug|Any CPU.Build.0 = Debug|Any CPU
		{2BC0B980-166F-429D-B664-56496B4BE49D}.Release|Any CPU.ActiveCfg = Release|Any CPU
		{2BC0B980-166F-429D-B664-56496B4BE49D}.Release|Any CPU.Build.0 = Release|Any CPU
		{8A0EF971-6F66-4500-849D-8BCCCAF2346C}.Debug|Any CPU.ActiveCfg = Debug|Any CPU
		{8A0EF971-6F66-4500-849D-8BCCCAF2346C}.Debug|Any CPU.Build.0 = Debug|Any CPU
		{8A0EF971-6F66-4500-849D-8BCCCAF2346C}.Release|Any CPU.ActiveCfg = Release|Any CPU
		{8A0EF971-6F66-4500-849D-8BCCCAF2346C}.Release|Any CPU.Build.0 = Release|Any CPU
	EndGlobalSection
	GlobalSection(SolutionProperties) = preSolution
		HideSolutionNode = FALSE
	EndGlobalSection
EndGlobal
